
Microsoft Visual Studio Solution File, Format Version 12.00
# Visual Studio Version 17
VisualStudioVersion = 17.0.31903.59
MinimumVisualStudioVersion = 10.0.40219.1
Project("{FAE04EC0-301F-11D3-BF4B-00C04F79EFBC}") = "ToDo.Api", "ToDo.Api\ToDo.Api.csproj", "{F320524A-4A5F-4ABC-9273-46D4F32728DD}"
EndProject
Project("{FAE04EC0-301F-11D3-BF4B-00C04F79EFBC}") = "ToDo.Api.Tests", "ToDo.Api.Tests\ToDo.Api.Tests.csproj", "{F06690DA-494A-4A56-BEED-C4C3E97E170D}"
EndProject
Global
	GlobalSection(SolutionConfigurationPlatforms) = preSolution
		Debug|Any CPU = Debug|Any CPU
		Debug|x64 = Debug|x64
		Debug|x86 = Debug|x86
		Release|Any CPU = Release|Any CPU
		Release|x64 = Release|x64
		Release|x86 = Release|x86
	EndGlobalSection
	GlobalSection(ProjectConfigurationPlatforms) = postSolution
		{F320524A-4A5F-4ABC-9273-46D4F32728DD}.Debug|Any CPU.ActiveCfg = Debug|Any CPU
		{F320524A-4A5F-4ABC-9273-46D4F32728DD}.Debug|Any CPU.Build.0 = Debug|Any CPU
		{F320524A-4A5F-4ABC-9273-46D4F32728DD}.Debug|x64.ActiveCfg = Debug|Any CPU
		{F320524A-4A5F-4ABC-9273-46D4F32728DD}.Debug|x64.Build.0 = Debug|Any CPU
		{F320524A-4A5F-4ABC-9273-46D4F32728DD}.Debug|x86.ActiveCfg = Debug|Any CPU
		{F320524A-4A5F-4ABC-9273-46D4F32728DD}.Debug|x86.Build.0 = Debug|Any CPU
		{F320524A-4A5F-4ABC-9273-46D4F32728DD}.Release|Any CPU.ActiveCfg = Release|Any CPU
		{F320524A-4A5F-4ABC-9273-46D4F32728DD}.Release|Any CPU.Build.0 = Release|Any CPU
		{F320524A-4A5F-4ABC-9273-46D4F32728DD}.Release|x64.ActiveCfg = Release|Any CPU
		{F320524A-4A5F-4ABC-9273-46D4F32728DD}.Release|x64.Build.0 = Release|Any CPU
		{F320524A-4A5F-4ABC-9273-46D4F32728DD}.Release|x86.ActiveCfg = Release|Any CPU
		{F320524A-4A5F-4ABC-9273-46D4F32728DD}.Release|x86.Build.0 = Release|Any CPU
		{F06690DA-494A-4A56-BEED-C4C3E97E170D}.Debug|Any CPU.ActiveCfg = Debug|Any CPU
		{F06690DA-494A-4A56-BEED-C4C3E97E170D}.Debug|Any CPU.Build.0 = Debug|Any CPU
		{F06690DA-494A-4A56-BEED-C4C3E97E170D}.Debug|x64.ActiveCfg = Debug|Any CPU
		{F06690DA-494A-4A56-BEED-C4C3E97E170D}.Debug|x64.Build.0 = Debug|Any CPU
		{F06690DA-494A-4A56-BEED-C4C3E97E170D}.Debug|x86.ActiveCfg = Debug|Any CPU
		{F06690DA-494A-4A56-BEED-C4C3E97E170D}.Debug|x86.Build.0 = Debug|Any CPU
		{F06690DA-494A-4A56-BEED-C4C3E97E170D}.Release|Any CPU.ActiveCfg = Release|Any CPU
		{F06690DA-494A-4A56-BEED-C4C3E97E170D}.Release|Any CPU.Build.0 = Release|Any CPU
		{F06690DA-494A-4A56-BEED-C4C3E97E170D}.Release|x64.ActiveCfg = Release|Any CPU
		{F06690DA-494A-4A56-BEED-C4C3E97E170D}.Release|x64.Build.0 = Release|Any CPU
		{F06690DA-494A-4A56-BEED-C4C3E97E170D}.Release|x86.ActiveCfg = Release|Any CPU
		{F06690DA-494A-4A56-BEED-C4C3E97E170D}.Release|x86.Build.0 = Release|Any CPU
	EndGlobalSection
	GlobalSection(SolutionProperties) = preSolution
		HideSolutionNode = FALSE
	EndGlobalSection
EndGlobal
